
Microsoft Visual Studio Solution File, Format Version 12.00
# Visual Studio Version 17
VisualStudioVersion = 17.0.32014.148
MinimumVisualStudioVersion = 10.0.40219.1
Project("{9A19103F-16F7-4668-BE54-9A1E7A4F7556}") = "project", "project\project.csproj", "{DE9C477F-0D36-4502-850D-B400C21186E0}"
EndProject
Project("{9A19103F-16F7-4668-BE54-9A1E7A4F7556}") = "DAL", "DAL\DAL.csproj", "{CAE18668-CD62-4CD0-AA59-61BCACDB7060}"
EndProject
Project("{9A19103F-16F7-4668-BE54-9A1E7A4F7556}") = "BLL", "BLL\BLL.csproj", "{7B31C108-E805-48D5-A918-42C852623E80}"
EndProject
Project("{FAE04EC0-301F-11D3-BF4B-00C04F79EFBC}") = "DTO", "DTO\DTO.csproj", "{5DDCF856-8EDB-41A1-8A36-36B4BF741F65}"
EndProject
Global
	GlobalSection(SolutionConfigurationPlatforms) = preSolution
		Debug|Any CPU = Debug|Any CPU
		Release|Any CPU = Release|Any CPU
	EndGlobalSection
	GlobalSection(ProjectConfigurationPlatforms) = postSolution
		{DE9C477F-0D36-4502-850D-B400C21186E0}.Debug|Any CPU.ActiveCfg = Debug|Any CPU
		{DE9C477F-0D36-4502-850D-B400C21186E0}.Debug|Any CPU.Build.0 = Debug|Any CPU
		{DE9C477F-0D36-4502-850D-B400C21186E0}.Release|Any CPU.ActiveCfg = Release|Any CPU
		{DE9C477F-0D36-4502-850D-B400C21186E0}.Release|Any CPU.Build.0 = Release|Any CPU
		{CAE18668-CD62-4CD0-AA59-61BCACDB7060}.Debug|Any CPU.ActiveCfg = Debug|Any CPU
		{CAE18668-CD62-4CD0-AA59-61BCACDB7060}.Debug|Any CPU.Build.0 = Debug|Any CPU
		{CAE18668-CD62-4CD0-AA59-61BCACDB7060}.Release|Any CPU.ActiveCfg = Release|Any CPU
		{CAE18668-CD62-4CD0-AA59-61BCACDB7060}.Release|Any CPU.Build.0 = Release|Any CPU
		{7B31C108-E805-48D5-A918-42C852623E80}.Debug|Any CPU.ActiveCfg = Debug|Any CPU
		{7B31C108-E805-48D5-A918-42C852623E80}.Debug|Any CPU.Build.0 = Debug|Any CPU
		{7B31C108-E805-48D5-A918-42C852623E80}.Release|Any CPU.ActiveCfg = Release|Any CPU
		{7B31C108-E805-48D5-A918-42C852623E80}.Release|Any CPU.Build.0 = Release|Any CPU
		{5DDCF856-8EDB-41A1-8A36-36B4BF741F65}.Debug|Any CPU.ActiveCfg = Debug|Any CPU
		{5DDCF856-8EDB-41A1-8A36-36B4BF741F65}.Debug|Any CPU.Build.0 = Debug|Any CPU
		{5DDCF856-8EDB-41A1-8A36-36B4BF741F65}.Release|Any CPU.ActiveCfg = Release|Any CPU
		{5DDCF856-8EDB-41A1-8A36-36B4BF741F65}.Release|Any CPU.Build.0 = Release|Any CPU
	EndGlobalSection
	GlobalSection(SolutionProperties) = preSolution
		HideSolutionNode = FALSE
	EndGlobalSection
	GlobalSection(ExtensibilityGlobals) = postSolution
		SolutionGuid = {990C3BA3-5E50-4F80-AFA5-0BA0B277EB56}
	EndGlobalSection
EndGlobal
